
Microsoft Visual Studio Solution File, Format Version 12.00
# Visual Studio 15
VisualStudioVersion = 15.0.27004.2008
MinimumVisualStudioVersion = 10.0.40219.1
Project("{FAE04EC0-301F-11D3-BF4B-00C04F79EFBC}") = "ZBW.BPFM.DBAdv.DBAccess", "ZBW.BPFM.DBAdv.DBAccess\ZBW.BPFM.DBAdv.DBAccess.csproj", "{3AEB4A07-5B6B-4ECF-9ECB-905E1BCACAC9}"
EndProject
Project("{FAE04EC0-301F-11D3-BF4B-00C04F79EFBC}") = "ZBW.BPFM.DBAdv.ErpClient", "ZBW.BPFM.DBAdv.ErpClient\ZBW.BPFM.DBAdv.ErpClient.csproj", "{897C9259-D1E1-47F5-AF93-91BDCC2F97A6}"
EndProject
Global
	GlobalSection(SolutionConfigurationPlatforms) = preSolution
		Debug|Any CPU = Debug|Any CPU
		Release|Any CPU = Release|Any CPU
	EndGlobalSection
	GlobalSection(ProjectConfigurationPlatforms) = postSolution
		{3AEB4A07-5B6B-4ECF-9ECB-905E1BCACAC9}.Debug|Any CPU.ActiveCfg = Debug|Any CPU
		{3AEB4A07-5B6B-4ECF-9ECB-905E1BCACAC9}.Debug|Any CPU.Build.0 = Debug|Any CPU
		{3AEB4A07-5B6B-4ECF-9ECB-905E1BCACAC9}.Release|Any CPU.ActiveCfg = Release|Any CPU
		{3AEB4A07-5B6B-4ECF-9ECB-905E1BCACAC9}.Release|Any CPU.Build.0 = Release|Any CPU
		{897C9259-D1E1-47F5-AF93-91BDCC2F97A6}.Debug|Any CPU.ActiveCfg = Debug|Any CPU
		{897C9259-D1E1-47F5-AF93-91BDCC2F97A6}.Debug|Any CPU.Build.0 = Debug|Any CPU
		{897C9259-D1E1-47F5-AF93-91BDCC2F97A6}.Release|Any CPU.ActiveCfg = Release|Any CPU
		{897C9259-D1E1-47F5-AF93-91BDCC2F97A6}.Release|Any CPU.Build.0 = Release|Any CPU
	EndGlobalSection
	GlobalSection(SolutionProperties) = preSolution
		HideSolutionNode = FALSE
	EndGlobalSection
	GlobalSection(ExtensibilityGlobals) = postSolution
		SolutionGuid = {00769D19-60FA-4013-9F90-D5F70D01B9C3}
	EndGlobalSection
EndGlobal
